
Microsoft Visual Studio Solution File, Format Version 12.00
# Visual Studio Version 16
VisualStudioVersion = 16.0.30320.27
MinimumVisualStudioVersion = 10.0.40219.1
Project("{8BC9CEB8-8B4A-11D0-8D11-00A0C91BC942}") = "Species", "Species\Species.vcxproj", "{2F9C0F14-9D61-4045-940D-1F74147753ED}"
EndProject
Global
	GlobalSection(SolutionConfigurationPlatforms) = preSolution
		Debug|x64 = Debug|x64
		Debug|x86 = Debug|x86
		Release|x64 = Release|x64
		Release|x86 = Release|x86
	EndGlobalSection
	GlobalSection(ProjectConfigurationPlatforms) = postSolution
		{2F9C0F14-9D61-4045-940D-1F74147753ED}.Debug|x64.ActiveCfg = Debug|x64
		{2F9C0F14-9D61-4045-940D-1F74147753ED}.Debug|x64.Build.0 = Debug|x64
		{2F9C0F14-9D61-4045-940D-1F74147753ED}.Debug|x86.ActiveCfg = Debug|Win32
		{2F9C0F14-9D61-4045-940D-1F74147753ED}.Debug|x86.Build.0 = Debug|Win32
		{2F9C0F14-9D61-4045-940D-1F74147753ED}.Release|x64.ActiveCfg = Release|x64
		{2F9C0F14-9D61-4045-940D-1F74147753ED}.Release|x64.Build.0 = Release|x64
		{2F9C0F14-9D61-4045-940D-1F74147753ED}.Release|x86.ActiveCfg = Release|Win32
		{2F9C0F14-9D61-4045-940D-1F74147753ED}.Release|x86.Build.0 = Release|Win32
	EndGlobalSection
	GlobalSection(SolutionProperties) = preSolution
		HideSolutionNode = FALSE
	EndGlobalSection
	GlobalSection(ExtensibilityGlobals) = postSolution
		SolutionGuid = {A717719E-B251-474B-879C-F519720EA75B}
	EndGlobalSection
EndGlobal
